
Microsoft Visual Studio Solution File, Format Version 12.00
# Visual Studio 15
VisualStudioVersion = 15.0.26403.7
MinimumVisualStudioVersion = 10.0.40219.1
Project("{FAE04EC0-301F-11D3-BF4B-00C04F79EFBC}") = "DevDays", "DevDays\DevDays\DevDays.csproj", "{CEF99CF2-8667-40FA-9537-5D18DB69577E}"
EndProject
Project("{FAE04EC0-301F-11D3-BF4B-00C04F79EFBC}") = "DevDays.Android", "DevDays\DevDays.Android\DevDays.Android.csproj", "{3B847CB9-92AA-459D-809B-02A51813348C}"
EndProject
Project("{FAE04EC0-301F-11D3-BF4B-00C04F79EFBC}") = "DevDays.iOS", "DevDays\DevDays.iOS\DevDays.iOS.csproj", "{29251398-3766-4EBD-9003-596D5D225160}"
EndProject
Project("{FAE04EC0-301F-11D3-BF4B-00C04F79EFBC}") = "DevDays.UWP", "DevDays\DevDays.UWP\DevDays.UWP.csproj", "{D3833325-8228-4B37-AAB8-CD1B32A6DE9E}"
EndProject
Global
	GlobalSection(SolutionConfigurationPlatforms) = preSolution
		Debug|Any CPU = Debug|Any CPU
		Debug|ARM = Debug|ARM
		Debug|iPhone = Debug|iPhone
		Debug|iPhoneSimulator = Debug|iPhoneSimulator
		Debug|x64 = Debug|x64
		Debug|x86 = Debug|x86
		Release|Any CPU = Release|Any CPU
		Release|ARM = Release|ARM
		Release|iPhone = Release|iPhone
		Release|iPhoneSimulator = Release|iPhoneSimulator
		Release|x64 = Release|x64
		Release|x86 = Release|x86
	EndGlobalSection
	GlobalSection(ProjectConfigurationPlatforms) = postSolution
		{CEF99CF2-8667-40FA-9537-5D18DB69577E}.Debug|Any CPU.ActiveCfg = Debug|Any CPU
		{CEF99CF2-8667-40FA-9537-5D18DB69577E}.Debug|Any CPU.Build.0 = Debug|Any CPU
		{CEF99CF2-8667-40FA-9537-5D18DB69577E}.Debug|ARM.ActiveCfg = Debug|Any CPU
		{CEF99CF2-8667-40FA-9537-5D18DB69577E}.Debug|ARM.Build.0 = Debug|Any CPU
		{CEF99CF2-8667-40FA-9537-5D18DB69577E}.Debug|iPhone.ActiveCfg = Debug|Any CPU
		{CEF99CF2-8667-40FA-9537-5D18DB69577E}.Debug|iPhone.Build.0 = Debug|Any CPU
		{CEF99CF2-8667-40FA-9537-5D18DB69577E}.Debug|iPhoneSimulator.ActiveCfg = Debug|Any CPU
		{CEF99CF2-8667-40FA-9537-5D18DB69577E}.Debug|iPhoneSimulator.Build.0 = Debug|Any CPU
		{CEF99CF2-8667-40FA-9537-5D18DB69577E}.Debug|x64.ActiveCfg = Debug|Any CPU
		{CEF99CF2-8667-40FA-9537-5D18DB69577E}.Debug|x64.Build.0 = Debug|Any CPU
		{CEF99CF2-8667-40FA-9537-5D18DB69577E}.Debug|x86.ActiveCfg = Debug|Any CPU
		{CEF99CF2-8667-40FA-9537-5D18DB69577E}.Debug|x86.Build.0 = Debug|Any CPU
		{CEF99CF2-8667-40FA-9537-5D18DB69577E}.Release|Any CPU.ActiveCfg = Release|Any CPU
		{CEF99CF2-8667-40FA-9537-5D18DB69577E}.Release|Any CPU.Build.0 = Release|Any CPU
		{CEF99CF2-8667-40FA-9537-5D18DB69577E}.Release|ARM.ActiveCfg = Release|Any CPU
		{CEF99CF2-8667-40FA-9537-5D18DB69577E}.Release|ARM.Build.0 = Release|Any CPU
		{CEF99CF2-8667-40FA-9537-5D18DB69577E}.Release|iPhone.ActiveCfg = Release|Any CPU
		{CEF99CF2-8667-40FA-9537-5D18DB69577E}.Release|iPhone.Build.0 = Release|Any CPU
		{CEF99CF2-8667-40FA-9537-5D18DB69577E}.Release|iPhoneSimulator.ActiveCfg = Release|Any CPU
		{CEF99CF2-8667-40FA-9537-5D18DB69577E}.Release|iPhoneSimulator.Build.0 = Release|Any CPU
		{CEF99CF2-8667-40FA-9537-5D18DB69577E}.Release|x64.ActiveCfg = Release|Any CPU
		{CEF99CF2-8667-40FA-9537-5D18DB69577E}.Release|x64.Build.0 = Release|Any CPU
		{CEF99CF2-8667-40FA-9537-5D18DB69577E}.Release|x86.ActiveCfg = Release|Any CPU
		{CEF99CF2-8667-40FA-9537-5D18DB69577E}.Release|x86.Build.0 = Release|Any CPU
		{3B847CB9-92AA-459D-809B-02A51813348C}.Debug|Any CPU.ActiveCfg = Debug|Any CPU
		{3B847CB9-92AA-459D-809B-02A51813348C}.Debug|Any CPU.Build.0 = Debug|Any CPU
		{3B847CB9-92AA-459D-809B-02A51813348C}.Debug|Any CPU.Deploy.0 = Debug|Any CPU
		{3B847CB9-92AA-459D-809B-02A51813348C}.Debug|ARM.ActiveCfg = Debug|Any CPU
		{3B847CB9-92AA-459D-809B-02A51813348C}.Debug|ARM.Build.0 = Debug|Any CPU
		{3B847CB9-92AA-459D-809B-02A51813348C}.Debug|ARM.Deploy.0 = Debug|Any CPU
		{3B847CB9-92AA-459D-809B-02A51813348C}.Debug|iPhone.ActiveCfg = Debug|Any CPU
		{3B847CB9-92AA-459D-809B-02A51813348C}.Debug|iPhone.Build.0 = Debug|Any CPU
		{3B847CB9-92AA-459D-809B-02A51813348C}.Debug|iPhone.Deploy.0 = Debug|Any CPU
		{3B847CB9-92AA-459D-809B-02A51813348C}.Debug|iPhoneSimulator.ActiveCfg = Debug|Any CPU
		{3B847CB9-92AA-459D-809B-02A51813348C}.Debug|iPhoneSimulator.Build.0 = Debug|Any CPU
		{3B847CB9-92AA-459D-809B-02A51813348C}.Debug|iPhoneSimulator.Deploy.0 = Debug|Any CPU
		{3B847CB9-92AA-459D-809B-02A51813348C}.Debug|x64.ActiveCfg = Debug|Any CPU
		{3B847CB9-92AA-459D-809B-02A51813348C}.Debug|x64.Build.0 = Debug|Any CPU
		{3B847CB9-92AA-459D-809B-02A51813348C}.Debug|x64.Deploy.0 = Debug|Any CPU
		{3B847CB9-92AA-459D-809B-02A51813348C}.Debug|x86.ActiveCfg = Debug|Any CPU
		{3B847CB9-92AA-459D-809B-02A51813348C}.Debug|x86.Build.0 = Debug|Any CPU
		{3B847CB9-92AA-459D-809B-02A51813348C}.Debug|x86.Deploy.0 = Debug|Any CPU
		{3B847CB9-92AA-459D-809B-02A51813348C}.Release|Any CPU.ActiveCfg = Release|Any CPU
		{3B847CB9-92AA-459D-809B-02A51813348C}.Release|Any CPU.Build.0 = Release|Any CPU
		{3B847CB9-92AA-459D-809B-02A51813348C}.Release|Any CPU.Deploy.0 = Release|Any CPU
		{3B847CB9-92AA-459D-809B-02A51813348C}.Release|ARM.ActiveCfg = Release|Any CPU
		{3B847CB9-92AA-459D-809B-02A51813348C}.Release|ARM.Build.0 = Release|Any CPU
		{3B847CB9-92AA-459D-809B-02A51813348C}.Release|ARM.Deploy.0 = Release|Any CPU
		{3B847CB9-92AA-459D-809B-02A51813348C}.Release|iPhone.ActiveCfg = Release|Any CPU
		{3B847CB9-92AA-459D-809B-02A51813348C}.Release|iPhone.Build.0 = Release|Any CPU
		{3B847CB9-92AA-459D-809B-02A51813348C}.Release|iPhone.Deploy.0 = Release|Any CPU
		{3B847CB9-92AA-459D-809B-02A51813348C}.Release|iPhoneSimulator.ActiveCfg = Release|Any CPU
		{3B847CB9-92AA-459D-809B-02A51813348C}.Release|iPhoneSimulator.Build.0 = Release|Any CPU
		{3B847CB9-92AA-459D-809B-02A51813348C}.Release|iPhoneSimulator.Deploy.0 = Release|Any CPU
		{3B847CB9-92AA-459D-809B-02A51813348C}.Release|x64.ActiveCfg = Release|Any CPU
		{3B847CB9-92AA-459D-809B-02A51813348C}.Release|x64.Build.0 = Release|Any CPU
		{3B847CB9-92AA-459D-809B-02A51813348C}.Release|x64.Deploy.0 = Release|Any CPU
		{3B847CB9-92AA-459D-809B-02A51813348C}.Release|x86.ActiveCfg = Release|Any CPU
		{3B847CB9-92AA-459D-809B-02A51813348C}.Release|x86.Build.0 = Release|Any CPU
		{3B847CB9-92AA-459D-809B-02A51813348C}.Release|x86.Deploy.0 = Release|Any CPU
		{29251398-3766-4EBD-9003-596D5D225160}.Debug|Any CPU.ActiveCfg = Debug|iPhone
		{29251398-3766-4EBD-9003-596D5D225160}.Debug|ARM.ActiveCfg = Debug|iPhone
		{29251398-3766-4EBD-9003-596D5D225160}.Debug|iPhone.ActiveCfg = Debug|iPhone
		{29251398-3766-4EBD-9003-596D5D225160}.Debug|iPhone.Build.0 = Debug|iPhone
		{29251398-3766-4EBD-9003-596D5D225160}.Debug|iPhoneSimulator.ActiveCfg = Debug|iPhoneSimulator
		{29251398-3766-4EBD-9003-596D5D225160}.Debug|iPhoneSimulator.Build.0 = Debug|iPhoneSimulator
		{29251398-3766-4EBD-9003-596D5D225160}.Debug|x64.ActiveCfg = Debug|iPhone
		{29251398-3766-4EBD-9003-596D5D225160}.Debug|x86.ActiveCfg = Debug|iPhone
		{29251398-3766-4EBD-9003-596D5D225160}.Release|Any CPU.ActiveCfg = Release|iPhone
		{29251398-3766-4EBD-9003-596D5D225160}.Release|ARM.ActiveCfg = Release|iPhone
		{29251398-3766-4EBD-9003-596D5D225160}.Release|iPhone.ActiveCfg = Release|iPhone
		{29251398-3766-4EBD-9003-596D5D225160}.Release|iPhone.Build.0 = Release|iPhone
		{29251398-3766-4EBD-9003-596D5D225160}.Release|iPhoneSimulator.ActiveCfg = Release|iPhoneSimulator
		{29251398-3766-4EBD-9003-596D5D225160}.Release|iPhoneSimulator.Build.0 = Release|iPhoneSimulator
		{29251398-3766-4EBD-9003-596D5D225160}.Release|x64.ActiveCfg = Release|iPhone
		{29251398-3766-4EBD-9003-596D5D225160}.Release|x86.ActiveCfg = Release|iPhone
		{D3833325-8228-4B37-AAB8-CD1B32A6DE9E}.Debug|Any CPU.ActiveCfg = Debug|x86
		{D3833325-8228-4B37-AAB8-CD1B32A6DE9E}.Debug|ARM.ActiveCfg = Debug|ARM
		{D3833325-8228-4B37-AAB8-CD1B32A6DE9E}.Debug|ARM.Build.0 = Debug|ARM
		{D3833325-8228-4B37-AAB8-CD1B32A6DE9E}.Debug|ARM.Deploy.0 = Debug|ARM
		{D3833325-8228-4B37-AAB8-CD1B32A6DE9E}.Debug|iPhone.ActiveCfg = Debug|x86
		{D3833325-8228-4B37-AAB8-CD1B32A6DE9E}.Debug|iPhoneSimulator.ActiveCfg = Debug|x86
		{D3833325-8228-4B37-AAB8-CD1B32A6DE9E}.Debug|x64.ActiveCfg = Debug|x64
		{D3833325-8228-4B37-AAB8-CD1B32A6DE9E}.Debug|x64.Build.0 = Debug|x64
		{D3833325-8228-4B37-AAB8-CD1B32A6DE9E}.Debug|x64.Deploy.0 = Debug|x64
		{D3833325-8228-4B37-AAB8-CD1B32A6DE9E}.Debug|x86.ActiveCfg = Debug|x86
		{D3833325-8228-4B37-AAB8-CD1B32A6DE9E}.Debug|x86.Build.0 = Debug|x86
		{D3833325-8228-4B37-AAB8-CD1B32A6DE9E}.Debug|x86.Deploy.0 = Debug|x86
		{D3833325-8228-4B37-AAB8-CD1B32A6DE9E}.Release|Any CPU.ActiveCfg = Release|x86
		{D3833325-8228-4B37-AAB8-CD1B32A6DE9E}.Release|ARM.ActiveCfg = Release|ARM
		{D3833325-8228-4B37-AAB8-CD1B32A6DE9E}.Release|ARM.Build.0 = Release|ARM
		{D3833325-8228-4B37-AAB8-CD1B32A6DE9E}.Release|ARM.Deploy.0 = Release|ARM
		{D3833325-8228-4B37-AAB8-CD1B32A6DE9E}.Release|iPhone.ActiveCfg = Release|x86
		{D3833325-8228-4B37-AAB8-CD1B32A6DE9E}.Release|iPhoneSimulator.ActiveCfg = Release|x86
		{D3833325-8228-4B37-AAB8-CD1B32A6DE9E}.Release|x64.ActiveCfg = Release|x64
		{D3833325-8228-4B37-AAB8-CD1B32A6DE9E}.Release|x64.Build.0 = Release|x64
		{D3833325-8228-4B37-AAB8-CD1B32A6DE9E}.Release|x64.Deploy.0 = Release|x64
		{D3833325-8228-4B37-AAB8-CD1B32A6DE9E}.Release|x86.ActiveCfg = Release|x86
		{D3833325-8228-4B37-AAB8-CD1B32A6DE9E}.Release|x86.Build.0 = Release|x86
		{D3833325-8228-4B37-AAB8-CD1B32A6DE9E}.Release|x86.Deploy.0 = Release|x86
	EndGlobalSection
	GlobalSection(SolutionProperties) = preSolution
		HideSolutionNode = FALSE
	EndGlobalSection
EndGlobal
