
Microsoft Visual Studio Solution File, Format Version 12.00
# Visual Studio 15
VisualStudioVersion = 15.0.26430.12
MinimumVisualStudioVersion = 10.0.40219.1
Project("{9A19103F-16F7-4668-BE54-9A1E7A4F7556}") = "Dnn.Alexa.Summit.Lambda", "Dnn.Alexa.Summit.Lambda.csproj", "{122DAA1E-0264-40FC-B34C-EBC518247A28}"
EndProject
Project("{2150E333-8FDC-42A3-9474-1A3956D46DE8}") = "Alexa Interaction Model", "Alexa Interaction Model", "{ECA642DF-2BB8-4268-83B1-A221E1D1F807}"
	ProjectSection(SolutionItems) = preProject
		IntentSchema.json = IntentSchema.json
		InteractionModel.json = InteractionModel.json
		Utterances.txt = Utterances.txt
	EndProjectSection
EndProject
Project("{2150E333-8FDC-42A3-9474-1A3956D46DE8}") = "Lambda Sample Requests", "Lambda Sample Requests", "{5B86BA0A-8C6C-473B-AEE5-5842FF06DDDA}"
	ProjectSection(SolutionItems) = preProject
		Lambda.Sample.GetSpeaker.json = Lambda.Sample.GetSpeaker.json
		Lambda.Sample.SendDirections.json = Lambda.Sample.SendDirections.json
	EndProjectSection
EndProject
Global
	GlobalSection(SolutionConfigurationPlatforms) = preSolution
		Debug|Any CPU = Debug|Any CPU
		Release|Any CPU = Release|Any CPU
	EndGlobalSection
	GlobalSection(ProjectConfigurationPlatforms) = postSolution
		{122DAA1E-0264-40FC-B34C-EBC518247A28}.Debug|Any CPU.ActiveCfg = Debug|Any CPU
		{122DAA1E-0264-40FC-B34C-EBC518247A28}.Debug|Any CPU.Build.0 = Debug|Any CPU
		{122DAA1E-0264-40FC-B34C-EBC518247A28}.Release|Any CPU.ActiveCfg = Release|Any CPU
		{122DAA1E-0264-40FC-B34C-EBC518247A28}.Release|Any CPU.Build.0 = Release|Any CPU
	EndGlobalSection
	GlobalSection(SolutionProperties) = preSolution
		HideSolutionNode = FALSE
	EndGlobalSection
EndGlobal
